
Microsoft Visual Studio Solution File, Format Version 12.00
# Visual Studio 14
VisualStudioVersion = 14.0.25420.1
MinimumVisualStudioVersion = 10.0.40219.1
Project("{2150E333-8FDC-42A3-9474-1A3956D46DE8}") = "src", "src", "{B97839C3-697B-4E9F-A082-85404F185F36}"
EndProject
Project("{2150E333-8FDC-42A3-9474-1A3956D46DE8}") = "Solution Items", "Solution Items", "{69BB8B53-B1EF-41C4-A375-25F9B138A6A9}"
	ProjectSection(SolutionItems) = preProject
		global.json = global.json
	EndProjectSection
EndProject
Project("{8BB2217D-0F2D-49D1-97BC-3654ED321F3B}") = "Roles", "src\Roles\Roles.xproj", "{5683262A-FAB6-412D-BF2A-1BC3CF0DD67D}"
EndProject
Global
	GlobalSection(SolutionConfigurationPlatforms) = preSolution
		Debug|Any CPU = Debug|Any CPU
		Release|Any CPU = Release|Any CPU
	EndGlobalSection
	GlobalSection(ProjectConfigurationPlatforms) = postSolution
		{5683262A-FAB6-412D-BF2A-1BC3CF0DD67D}.Debug|Any CPU.ActiveCfg = Debug|Any CPU
		{5683262A-FAB6-412D-BF2A-1BC3CF0DD67D}.Debug|Any CPU.Build.0 = Debug|Any CPU
		{5683262A-FAB6-412D-BF2A-1BC3CF0DD67D}.Release|Any CPU.ActiveCfg = Release|Any CPU
		{5683262A-FAB6-412D-BF2A-1BC3CF0DD67D}.Release|Any CPU.Build.0 = Release|Any CPU
	EndGlobalSection
	GlobalSection(SolutionProperties) = preSolution
		HideSolutionNode = FALSE
	EndGlobalSection
	GlobalSection(NestedProjects) = preSolution
		{5683262A-FAB6-412D-BF2A-1BC3CF0DD67D} = {B97839C3-697B-4E9F-A082-85404F185F36}
	EndGlobalSection
EndGlobal
